
Microsoft Visual Studio Solution File, Format Version 12.00
# Visual Studio Version 16
VisualStudioVersion = 16.0.30503.244
MinimumVisualStudioVersion = 10.0.40219.1
Project("{9A19103F-16F7-4668-BE54-9A1E7A4F7556}") = "WandelApp.api", "WandelApp.api2\WandelApp.api.csproj", "{C2ACAD05-5C6F-447E-A656-37691FC6951E}"
EndProject
Global
	GlobalSection(SolutionConfigurationPlatforms) = preSolution
		Debug|Any CPU = Debug|Any CPU
		Release|Any CPU = Release|Any CPU
	EndGlobalSection
	GlobalSection(ProjectConfigurationPlatforms) = postSolution
		{C2ACAD05-5C6F-447E-A656-37691FC6951E}.Debug|Any CPU.ActiveCfg = Debug|Any CPU
		{C2ACAD05-5C6F-447E-A656-37691FC6951E}.Debug|Any CPU.Build.0 = Debug|Any CPU
		{C2ACAD05-5C6F-447E-A656-37691FC6951E}.Release|Any CPU.ActiveCfg = Release|Any CPU
		{C2ACAD05-5C6F-447E-A656-37691FC6951E}.Release|Any CPU.Build.0 = Release|Any CPU
	EndGlobalSection
	GlobalSection(SolutionProperties) = preSolution
		HideSolutionNode = FALSE
	EndGlobalSection
	GlobalSection(ExtensibilityGlobals) = postSolution
		SolutionGuid = {789AAD1C-C105-4C24-87B7-72A8BE4B9C1B}
	EndGlobalSection
EndGlobal
